<Solution>
  <Folder Name="/src/">
    <Project Path="src/TecnoFisc.Sped.Core/TecnoFisc.Sped.Core.csproj" />
    <Project Path="src/TecnoFisc.Sped.Core.SourceGenerators/TecnoFisc.Sped.Core.SourceGenerators.csproj" />
    <Project Path="src/TecnoFisc.Sped.EfdContribuicoes/TecnoFisc.Sped.EfdContribuicoes.csproj" />
  </Folder>
  <Folder Name="/tests/">
    <Project Path="tests/TecnoFisc.Sped.Core.Tests/TecnoFisc.Sped.Core.Tests.csproj" />
    <Project Path="tests/TecnoFisc.Sped.EfdContribuicoes.Tests/TecnoFisc.Sped.EfdContribuicoes.Tests.csproj" />
  </Folder>
  <Folder Name="/benchmarks/">
    <Project Path="benchmarks/TecnoFisc.Sped.Benchmarks/TecnoFisc.Sped.Benchmarks.csproj" />
  </Folder>
</Solution>
