<Solution>
  <Folder Name="/src/">
    <Project Path="src/TecnoFisc.Sped/TecnoFisc.Sped.csproj" />
    <Project Path="src/TecnoFisc.Sped.Txt/TecnoFisc.Sped.Txt.csproj" />
    <Project Path="src/TecnoFisc.Sped.Core/TecnoFisc.Sped.Core.csproj" />
    <Project Path="src/TecnoFisc.Sped.Txt.Engine/TecnoFisc.Sped.Txt.Engine.csproj" />
    <Project Path="src/TecnoFisc.Sped.Txt.Engine.SourceGenerators/TecnoFisc.Sped.Txt.Engine.SourceGenerators.csproj" />
    <Project Path="src/TecnoFisc.Sped.Xml.Engine/TecnoFisc.Sped.Xml.Engine.csproj" />
    <Project Path="src/TecnoFisc.Sped.EfdContribuicoes/TecnoFisc.Sped.EfdContribuicoes.csproj" />
    <Project Path="src/TecnoFisc.Sped.EfdIcmsIpi/TecnoFisc.Sped.EfdIcmsIpi.csproj" />
    <Project Path="src/TecnoFisc.Sped.Ecd/TecnoFisc.Sped.Ecd.csproj" />
    <Project Path="src/TecnoFisc.Sped.Ecf/TecnoFisc.Sped.Ecf.csproj" />
    <Project Path="src/TecnoFisc.Sped.NFeNFCe/TecnoFisc.Sped.NFeNFCe.csproj" />
  </Folder>
  <Folder Name="/tests/">
    <Project Path="tests/TecnoFisc.Sped.Core.Tests/TecnoFisc.Sped.Core.Tests.csproj" />
    <Project Path="tests/TecnoFisc.Sped.Txt.Engine.Tests/TecnoFisc.Sped.Txt.Engine.Tests.csproj" />
    <Project Path="tests/TecnoFisc.Sped.Xml.Engine.Tests/TecnoFisc.Sped.Xml.Engine.Tests.csproj" />
    <Project Path="tests/TecnoFisc.Sped.EfdContribuicoes.Tests/TecnoFisc.Sped.EfdContribuicoes.Tests.csproj" />
    <Project Path="tests/TecnoFisc.Sped.EfdIcmsIpi.Tests/TecnoFisc.Sped.EfdIcmsIpi.Tests.csproj" />
    <Project Path="tests/TecnoFisc.Sped.Ecd.Tests/TecnoFisc.Sped.Ecd.Tests.csproj" />
    <Project Path="tests/TecnoFisc.Sped.Ecf.Tests/TecnoFisc.Sped.Ecf.Tests.csproj" />
    <Project Path="tests/TecnoFisc.Sped.NFeNFCe.Tests/TecnoFisc.Sped.NFeNFCe.Tests.csproj" />
  </Folder>
  <Folder Name="/benchmarks/">
    <Project Path="benchmarks/TecnoFisc.Sped.Benchmarks/TecnoFisc.Sped.Benchmarks.csproj" />
  </Folder>
</Solution>
